
Microsoft Visual Studio Solution File, Format Version 12.00
# Visual Studio Version 16
VisualStudioVersion = 16.0.30611.23
MinimumVisualStudioVersion = 10.0.40219.1
Project("{9A19103F-16F7-4668-BE54-9A1E7A4F7556}") = "Automatic_Library", "Zad1\Automatic_Library\Automatic_Library.csproj", "{7AF3F1C2-D59E-48CC-ACC1-5A17B6ED6659}"
EndProject
Project("{FAE04EC0-301F-11D3-BF4B-00C04F79EFBC}") = "LibraryTest", "Zad1\LibraryTest\LibraryTest.csproj", "{7E426EF9-187F-4BC0-904E-115BB75EDDBF}"
	ProjectSection(ProjectDependencies) = postProject
		{7AF3F1C2-D59E-48CC-ACC1-5A17B6ED6659} = {7AF3F1C2-D59E-48CC-ACC1-5A17B6ED6659}
	EndProjectSection
EndProject
Project("{2150E333-8FDC-42A3-9474-1A3956D46DE8}") = "Solution Items", "Solution Items", "{C242FEAA-8C91-4798-9C21-3781CE379115}"
	ProjectSection(SolutionItems) = preProject
		README.md = README.md
	EndProjectSection
EndProject
Global
	GlobalSection(SolutionConfigurationPlatforms) = preSolution
		Debug|Any CPU = Debug|Any CPU
		Release|Any CPU = Release|Any CPU
	EndGlobalSection
	GlobalSection(ProjectConfigurationPlatforms) = postSolution
		{7AF3F1C2-D59E-48CC-ACC1-5A17B6ED6659}.Debug|Any CPU.ActiveCfg = Debug|Any CPU
		{7AF3F1C2-D59E-48CC-ACC1-5A17B6ED6659}.Debug|Any CPU.Build.0 = Debug|Any CPU
		{7AF3F1C2-D59E-48CC-ACC1-5A17B6ED6659}.Release|Any CPU.ActiveCfg = Release|Any CPU
		{7AF3F1C2-D59E-48CC-ACC1-5A17B6ED6659}.Release|Any CPU.Build.0 = Release|Any CPU
		{7E426EF9-187F-4BC0-904E-115BB75EDDBF}.Debug|Any CPU.ActiveCfg = Debug|Any CPU
		{7E426EF9-187F-4BC0-904E-115BB75EDDBF}.Debug|Any CPU.Build.0 = Debug|Any CPU
		{7E426EF9-187F-4BC0-904E-115BB75EDDBF}.Release|Any CPU.ActiveCfg = Release|Any CPU
		{7E426EF9-187F-4BC0-904E-115BB75EDDBF}.Release|Any CPU.Build.0 = Release|Any CPU
	EndGlobalSection
	GlobalSection(SolutionProperties) = preSolution
		HideSolutionNode = FALSE
	EndGlobalSection
	GlobalSection(ExtensibilityGlobals) = postSolution
		SolutionGuid = {BBB3D7B1-D175-4987-AFBE-317218A95B14}
	EndGlobalSection
EndGlobal
