
Microsoft Visual Studio Solution File, Format Version 12.00
# Visual Studio Version 16
VisualStudioVersion = 16.0.30611.23
MinimumVisualStudioVersion = 10.0.40219.1
Project("{9A19103F-16F7-4668-BE54-9A1E7A4F7556}") = "Zad1Library", "Zad1Library\Zad1Library.csproj", "{7AF3F1C2-D59E-48CC-ACC1-5A17B6ED6659}"
EndProject
Project("{FAE04EC0-301F-11D3-BF4B-00C04F79EFBC}") = "Zad1LibraryTest", "Zad1LibraryTest\Zad1LibraryTest.csproj", "{7E426EF9-187F-4BC0-904E-115BB75EDDBF}"
	ProjectSection(ProjectDependencies) = postProject
		{7AF3F1C2-D59E-48CC-ACC1-5A17B6ED6659} = {7AF3F1C2-D59E-48CC-ACC1-5A17B6ED6659}
	EndProjectSection
EndProject
Project("{2150E333-8FDC-42A3-9474-1A3956D46DE8}") = "Solution Items", "Solution Items", "{C242FEAA-8C91-4798-9C21-3781CE379115}"
	ProjectSection(SolutionItems) = preProject
		README.md = README.md
	EndProjectSection
EndProject
Project("{9A19103F-16F7-4668-BE54-9A1E7A4F7556}") = "Zad2Serializer", "Zad2Serializer\Zad2Serializer.csproj", "{F37D33FF-AAB3-4EFD-87CD-9BABC2ACA914}"
EndProject
Project("{FAE04EC0-301F-11D3-BF4B-00C04F79EFBC}") = "Zad2SerializerTest", "Zad2SerializerTest\Zad2SerializerTest.csproj", "{CC7D4EB3-AC34-4F82-A11C-69022849172F}"
	ProjectSection(ProjectDependencies) = postProject
		{F37D33FF-AAB3-4EFD-87CD-9BABC2ACA914} = {F37D33FF-AAB3-4EFD-87CD-9BABC2ACA914}
	EndProjectSection
EndProject
Project("{FAE04EC0-301F-11D3-BF4B-00C04F79EFBC}") = "Zad2ConsoleApp", "Zad2ConsoleApp\Zad2ConsoleApp.csproj", "{F93A7AA3-AA0C-4359-BD07-C5934B150375}"
EndProject
Project("{FAE04EC0-301F-11D3-BF4B-00C04F79EFBC}") = "Zad3DatabaseLINQ", "Zad3DatabaseLINQ\Zad3DatabaseLINQ.csproj", "{F43F2D92-FC1D-4965-B3DF-088CCC91A317}"
EndProject
Project("{FAE04EC0-301F-11D3-BF4B-00C04F79EFBC}") = "Zad3DatabaseLINQTest", "Zad3DatabaseLINQTest\Zad3DatabaseLINQTest.csproj", "{3F2E73CD-6181-4917-8302-E1B3BA0BBA5E}"
	ProjectSection(ProjectDependencies) = postProject
		{F43F2D92-FC1D-4965-B3DF-088CCC91A317} = {F43F2D92-FC1D-4965-B3DF-088CCC91A317}
	EndProjectSection
EndProject
Project("{FAE04EC0-301F-11D3-BF4B-00C04F79EFBC}") = "Zad4Database", "Zad4Database\Zad4Database.csproj", "{D9993956-8CC4-4473-883B-0391951A5AB9}"
EndProject
Project("{FAE04EC0-301F-11D3-BF4B-00C04F79EFBC}") = "Zad4Service", "Zad4Service\Zad4Service.csproj", "{7A471E21-3B7B-4D7E-BF2C-849297C3900F}"
	ProjectSection(ProjectDependencies) = postProject
		{D9993956-8CC4-4473-883B-0391951A5AB9} = {D9993956-8CC4-4473-883B-0391951A5AB9}
	EndProjectSection
EndProject
Project("{FAE04EC0-301F-11D3-BF4B-00C04F79EFBC}") = "Zad4Model", "Zad4Model\Zad4Model.csproj", "{193FA947-B96C-49EE-B221-A72AE246921D}"
	ProjectSection(ProjectDependencies) = postProject
		{7A471E21-3B7B-4D7E-BF2C-849297C3900F} = {7A471E21-3B7B-4D7E-BF2C-849297C3900F}
	EndProjectSection
EndProject
Project("{FAE04EC0-301F-11D3-BF4B-00C04F79EFBC}") = "Zad4ViewModel", "Zad4ViewModel\Zad4ViewModel.csproj", "{675C2199-A90E-47DC-856B-3AFE0478D125}"
	ProjectSection(ProjectDependencies) = postProject
		{193FA947-B96C-49EE-B221-A72AE246921D} = {193FA947-B96C-49EE-B221-A72AE246921D}
	EndProjectSection
EndProject
Project("{FAE04EC0-301F-11D3-BF4B-00C04F79EFBC}") = "Zad4View", "Zad4View\Zad4View.csproj", "{4D2E9FD8-6BEC-42D8-BA40-30D6A1F2980D}"
	ProjectSection(ProjectDependencies) = postProject
		{675C2199-A90E-47DC-856B-3AFE0478D125} = {675C2199-A90E-47DC-856B-3AFE0478D125}
	EndProjectSection
EndProject
Global
	GlobalSection(SolutionConfigurationPlatforms) = preSolution
		Debug|Any CPU = Debug|Any CPU
		Release|Any CPU = Release|Any CPU
	EndGlobalSection
	GlobalSection(ProjectConfigurationPlatforms) = postSolution
		{7AF3F1C2-D59E-48CC-ACC1-5A17B6ED6659}.Debug|Any CPU.ActiveCfg = Debug|Any CPU
		{7AF3F1C2-D59E-48CC-ACC1-5A17B6ED6659}.Debug|Any CPU.Build.0 = Debug|Any CPU
		{7AF3F1C2-D59E-48CC-ACC1-5A17B6ED6659}.Release|Any CPU.ActiveCfg = Release|Any CPU
		{7AF3F1C2-D59E-48CC-ACC1-5A17B6ED6659}.Release|Any CPU.Build.0 = Release|Any CPU
		{7E426EF9-187F-4BC0-904E-115BB75EDDBF}.Debug|Any CPU.ActiveCfg = Debug|Any CPU
		{7E426EF9-187F-4BC0-904E-115BB75EDDBF}.Debug|Any CPU.Build.0 = Debug|Any CPU
		{7E426EF9-187F-4BC0-904E-115BB75EDDBF}.Release|Any CPU.ActiveCfg = Release|Any CPU
		{7E426EF9-187F-4BC0-904E-115BB75EDDBF}.Release|Any CPU.Build.0 = Release|Any CPU
		{F37D33FF-AAB3-4EFD-87CD-9BABC2ACA914}.Debug|Any CPU.ActiveCfg = Debug|Any CPU
		{F37D33FF-AAB3-4EFD-87CD-9BABC2ACA914}.Debug|Any CPU.Build.0 = Debug|Any CPU
		{F37D33FF-AAB3-4EFD-87CD-9BABC2ACA914}.Release|Any CPU.ActiveCfg = Release|Any CPU
		{F37D33FF-AAB3-4EFD-87CD-9BABC2ACA914}.Release|Any CPU.Build.0 = Release|Any CPU
		{CC7D4EB3-AC34-4F82-A11C-69022849172F}.Debug|Any CPU.ActiveCfg = Debug|Any CPU
		{CC7D4EB3-AC34-4F82-A11C-69022849172F}.Debug|Any CPU.Build.0 = Debug|Any CPU
		{CC7D4EB3-AC34-4F82-A11C-69022849172F}.Release|Any CPU.ActiveCfg = Release|Any CPU
		{CC7D4EB3-AC34-4F82-A11C-69022849172F}.Release|Any CPU.Build.0 = Release|Any CPU
		{F93A7AA3-AA0C-4359-BD07-C5934B150375}.Debug|Any CPU.ActiveCfg = Debug|Any CPU
		{F93A7AA3-AA0C-4359-BD07-C5934B150375}.Debug|Any CPU.Build.0 = Debug|Any CPU
		{F93A7AA3-AA0C-4359-BD07-C5934B150375}.Release|Any CPU.ActiveCfg = Release|Any CPU
		{F93A7AA3-AA0C-4359-BD07-C5934B150375}.Release|Any CPU.Build.0 = Release|Any CPU
		{F43F2D92-FC1D-4965-B3DF-088CCC91A317}.Debug|Any CPU.ActiveCfg = Debug|Any CPU
		{F43F2D92-FC1D-4965-B3DF-088CCC91A317}.Debug|Any CPU.Build.0 = Debug|Any CPU
		{F43F2D92-FC1D-4965-B3DF-088CCC91A317}.Release|Any CPU.ActiveCfg = Release|Any CPU
		{F43F2D92-FC1D-4965-B3DF-088CCC91A317}.Release|Any CPU.Build.0 = Release|Any CPU
		{3F2E73CD-6181-4917-8302-E1B3BA0BBA5E}.Debug|Any CPU.ActiveCfg = Debug|Any CPU
		{3F2E73CD-6181-4917-8302-E1B3BA0BBA5E}.Debug|Any CPU.Build.0 = Debug|Any CPU
		{3F2E73CD-6181-4917-8302-E1B3BA0BBA5E}.Release|Any CPU.ActiveCfg = Release|Any CPU
		{3F2E73CD-6181-4917-8302-E1B3BA0BBA5E}.Release|Any CPU.Build.0 = Release|Any CPU
		{D9993956-8CC4-4473-883B-0391951A5AB9}.Debug|Any CPU.ActiveCfg = Debug|Any CPU
		{D9993956-8CC4-4473-883B-0391951A5AB9}.Debug|Any CPU.Build.0 = Debug|Any CPU
		{D9993956-8CC4-4473-883B-0391951A5AB9}.Release|Any CPU.ActiveCfg = Release|Any CPU
		{D9993956-8CC4-4473-883B-0391951A5AB9}.Release|Any CPU.Build.0 = Release|Any CPU
		{7A471E21-3B7B-4D7E-BF2C-849297C3900F}.Debug|Any CPU.ActiveCfg = Debug|Any CPU
		{7A471E21-3B7B-4D7E-BF2C-849297C3900F}.Debug|Any CPU.Build.0 = Debug|Any CPU
		{7A471E21-3B7B-4D7E-BF2C-849297C3900F}.Release|Any CPU.ActiveCfg = Release|Any CPU
		{7A471E21-3B7B-4D7E-BF2C-849297C3900F}.Release|Any CPU.Build.0 = Release|Any CPU
		{193FA947-B96C-49EE-B221-A72AE246921D}.Debug|Any CPU.ActiveCfg = Debug|Any CPU
		{193FA947-B96C-49EE-B221-A72AE246921D}.Debug|Any CPU.Build.0 = Debug|Any CPU
		{193FA947-B96C-49EE-B221-A72AE246921D}.Release|Any CPU.ActiveCfg = Release|Any CPU
		{193FA947-B96C-49EE-B221-A72AE246921D}.Release|Any CPU.Build.0 = Release|Any CPU
		{675C2199-A90E-47DC-856B-3AFE0478D125}.Debug|Any CPU.ActiveCfg = Debug|Any CPU
		{675C2199-A90E-47DC-856B-3AFE0478D125}.Debug|Any CPU.Build.0 = Debug|Any CPU
		{675C2199-A90E-47DC-856B-3AFE0478D125}.Release|Any CPU.ActiveCfg = Release|Any CPU
		{675C2199-A90E-47DC-856B-3AFE0478D125}.Release|Any CPU.Build.0 = Release|Any CPU
		{4D2E9FD8-6BEC-42D8-BA40-30D6A1F2980D}.Debug|Any CPU.ActiveCfg = Debug|Any CPU
		{4D2E9FD8-6BEC-42D8-BA40-30D6A1F2980D}.Debug|Any CPU.Build.0 = Debug|Any CPU
		{4D2E9FD8-6BEC-42D8-BA40-30D6A1F2980D}.Release|Any CPU.ActiveCfg = Release|Any CPU
		{4D2E9FD8-6BEC-42D8-BA40-30D6A1F2980D}.Release|Any CPU.Build.0 = Release|Any CPU
	EndGlobalSection
	GlobalSection(SolutionProperties) = preSolution
		HideSolutionNode = FALSE
	EndGlobalSection
	GlobalSection(ExtensibilityGlobals) = postSolution
		SolutionGuid = {BBB3D7B1-D175-4987-AFBE-317218A95B14}
	EndGlobalSection
EndGlobal
